{
  "object": {
    "pins": [
      {
        "package": "AssetCatalogAware",
        "repositoryURL": "git@github.com:wltrup/AssetCatalogAware.git",
        "state": {
          "branch": null,
          "revision": "28a951052b1ba1d8b40354ff82fd5f234c79033d",
          "version": "0.1.0"
        }
      }
    ]
  },
  "version": 1
}
