{
  "object": {
    "pins": [
      {
        "package": "AssetCatalogAware",
        "repositoryURL": "git@github.com:wltrup/AssetCatalogAware.git",
        "state": {
          "branch": null,
          "revision": "9e2cb95c68a5a3ca2e119841caf8d26f0f9fc8dd",
          "version": "0.1.0"
        }
      }
    ]
  },
  "version": 1
}
