{
  "object": {
    "pins": [
      {
        "package": "AssetCatalogAware",
        "repositoryURL": "git@github.com:wltrup/AssetCatalogAware.git",
        "state": {
          "branch": null,
          "revision": "96dfd9e8a9f815cba71bf674759f0e5e5686551a",
          "version": "0.1.0"
        }
      }
    ]
  },
  "version": 1
}
